
Microsoft Visual Studio Solution File, Format Version 12.00
# Visual Studio Version 17
VisualStudioVersion = 17.0.32014.148
MinimumVisualStudioVersion = 10.0.40219.1
Project("{FAE04EC0-301F-11D3-BF4B-00C04F79EFBC}") = "Daily_Planner_V_4", "Daily_Planner_V_4\Daily_Planner_V_4.csproj", "{BDB30BB9-5175-45B6-A29A-864F4FC524C9}"
EndProject
Global
	GlobalSection(SolutionConfigurationPlatforms) = preSolution
		Debug|Any CPU = Debug|Any CPU
		Release|Any CPU = Release|Any CPU
	EndGlobalSection
	GlobalSection(ProjectConfigurationPlatforms) = postSolution
		{BDB30BB9-5175-45B6-A29A-864F4FC524C9}.Debug|Any CPU.ActiveCfg = Debug|Any CPU
		{BDB30BB9-5175-45B6-A29A-864F4FC524C9}.Debug|Any CPU.Build.0 = Debug|Any CPU
		{BDB30BB9-5175-45B6-A29A-864F4FC524C9}.Release|Any CPU.ActiveCfg = Release|Any CPU
		{BDB30BB9-5175-45B6-A29A-864F4FC524C9}.Release|Any CPU.Build.0 = Release|Any CPU
	EndGlobalSection
	GlobalSection(SolutionProperties) = preSolution
		HideSolutionNode = FALSE
	EndGlobalSection
	GlobalSection(ExtensibilityGlobals) = postSolution
		SolutionGuid = {30AA8879-6958-4AE1-957B-8413C1A4974D}
	EndGlobalSection
EndGlobal
